brainstorming	github.com/obra/superpowers@5bf4e7801107
brainstorming/SKILL.md	a32d2255354775aa124855aa7100cf276bea096fff4ebb3a0edf57be216e6c72
brainstorming/scripts/frame-template.html	6a8a4e58bd6a44b904e2e3c57de774481d909204597e1498de53f1b2fecc4c4e
brainstorming/scripts/helper.js	43c6d69954a46ec34a2a262bcc62a9a7e83e839c739f199cb72646d397c686e3
brainstorming/scripts/server.cjs	2d2961ea8d11f56c5f4c3a1a68d22709efa5d7601a2246d8c880774e7e9e8412
brainstorming/scripts/start-server.sh	a4e5ae84275bcaacd2f84345afeabe59cf7b00ba080e123da7cc1fb226f12847
brainstorming/scripts/stop-server.sh	0b5ccbbd57f62d3ed88993f7940b5ee0e5c0fc9b21c550c623da4f6292e47daf
brainstorming/spec-document-reviewer-prompt.md	95a0a195de9d984be2fffa95bab16fc8c563bc296a9cfc5e9c29cb3ece0d7457
brainstorming/visual-companion.md	6ffcb038b53254bd31debaa15e12dcd4ff24bd63d690e0b644ac6396701cf2e2
systematic-debugging	github.com/obra/superpowers@5bf4e7801107
systematic-debugging/CREATION-LOG.md	c24733a5b1821bd6bed1fc950261f0b9f4e90097e0bbb96459d8179713730789
systematic-debugging/SKILL.md	808fc5717aa88ad65efff312b11c186294d3e6ee301afb584e2f86599b137787
systematic-debugging/condition-based-waiting-example.ts	40ae5ebe497fdf310200e43fe986552546d0a22837c0d39e855db1cfd33eb88e
systematic-debugging/condition-based-waiting.md	e89fec8400d6cd50f43407cec9fab50976ba4d55d0ec2eb51c0bd68036b54c26
systematic-debugging/defense-in-depth.md	1e175fb86fc357e58c6aebf5441e481e1b7868b4380c0456b63a17eefbd18ba7
systematic-debugging/find-polluter.sh	dd7b8f13c4cc2a24b33ff87b18da9248f3e1c80a085c3316224f69ff0fa5c43c
systematic-debugging/root-cause-tracing.md	75b933b6a8c40bdb2031b10f21654395b56ec6ab6bc7b018c18d3fe57aeb7fb8
systematic-debugging/test-academic.md	fe2ba480d78ac0d686dc025f41c2a32a43d642bf533f91b0c6053a04d35d6486
systematic-debugging/test-pressure-1.md	0b6a915db0054577819834c79be9eb614e97bddba10d73768e1fbe91cfed048a
systematic-debugging/test-pressure-2.md	b2030aeffba07050e8ad573ddf87486457c4a016a786bb326235bebd856f2016
systematic-debugging/test-pressure-3.md	96b50a52e2c7989c9cf20fb752c47c1e9a3a70dc362f8f7989f8f5b64dac7708
tdd	github.com/mattpocock/skills@c55ee46073ed
tdd/SKILL.md	cb01f66bebfaa25fa1f88e6b7e769cd9fd9f35b1120b8563749820738814c927
tdd/agents/openai.yaml	ea6f01cf1b8c06a4b0f5b649d74b1b8ce8685e72af1b38d70d877693e092af0b
tdd/mocking.md	3ceb807fdf4a47d6a93d4d9a891e5ba6d362a6247bd08adc451feebfc17361ef
tdd/tests.md	859f9e592c188fda4fc7277dd180e4ce9c7a2e13f6efe1f6f29eccc9d28c106a
writing-for-agents	github.com/mattpocock/skills@c55ee46073ed
writing-for-agents/SKILL-MECHANICS.md	c768e6307c7c10728c401c213f2c4ba71c542127eeb7ad2956aabd15a0fa0059
writing-for-agents/SKILL.md	551adca942227b44192edba88acd4e8db911f0121ce58ad16944ccf6a896a74a
writing-for-agents/agents/openai.yaml	eacb24b2a618cfb81dacb0416f4fdd75ddf3a8060f8ddb99aae1b1e301907e4b
